
Microsoft Visual Studio Solution File, Format Version 12.00
# Visual Studio 15
VisualStudioVersion = 15.0.26730.12
MinimumVisualStudioVersion = 10.0.40219.1
Project("{8BC9CEB8-8B4A-11D0-8D11-00A0C91BC942}") = "Basic Level", "Basic Level\Basic Level.vcxproj", "{94180B9E-7379-4697-98D9-1D56633500A7}"
EndProject
Project("{8BC9CEB8-8B4A-11D0-8D11-00A0C91BC942}") = "Intermediate Level", "Intermediate Level\Intermediate Level.vcxproj", "{5EB48F5E-1568-4A81-8BDC-DAD388ECF021}"
EndProject
Project("{8BC9CEB8-8B4A-11D0-8D11-00A0C91BC942}") = "Advanced Level", "Advanced Level\Advanced Level.vcxproj", "{B9280C60-FD0F-48BC-9322-0BFC7569FF8D}"
EndProject
Global
	GlobalSection(SolutionConfigurationPlatforms) = preSolution
		Debug|x64 = Debug|x64
		Debug|x86 = Debug|x86
		Release|x64 = Release|x64
		Release|x86 = Release|x86
	EndGlobalSection
	GlobalSection(ProjectConfigurationPlatforms) = postSolution
		{94180B9E-7379-4697-98D9-1D56633500A7}.Debug|x64.ActiveCfg = Debug|x64
		{94180B9E-7379-4697-98D9-1D56633500A7}.Debug|x64.Build.0 = Debug|x64
		{94180B9E-7379-4697-98D9-1D56633500A7}.Debug|x86.ActiveCfg = Debug|Win32
		{94180B9E-7379-4697-98D9-1D56633500A7}.Debug|x86.Build.0 = Debug|Win32
		{94180B9E-7379-4697-98D9-1D56633500A7}.Release|x64.ActiveCfg = Release|x64
		{94180B9E-7379-4697-98D9-1D56633500A7}.Release|x64.Build.0 = Release|x64
		{94180B9E-7379-4697-98D9-1D56633500A7}.Release|x86.ActiveCfg = Release|Win32
		{94180B9E-7379-4697-98D9-1D56633500A7}.Release|x86.Build.0 = Release|Win32
		{5EB48F5E-1568-4A81-8BDC-DAD388ECF021}.Debug|x64.ActiveCfg = Debug|x64
		{5EB48F5E-1568-4A81-8BDC-DAD388ECF021}.Debug|x64.Build.0 = Debug|x64
		{5EB48F5E-1568-4A81-8BDC-DAD388ECF021}.Debug|x86.ActiveCfg = Debug|Win32
		{5EB48F5E-1568-4A81-8BDC-DAD388ECF021}.Debug|x86.Build.0 = Debug|Win32
		{5EB48F5E-1568-4A81-8BDC-DAD388ECF021}.Release|x64.ActiveCfg = Release|x64
		{5EB48F5E-1568-4A81-8BDC-DAD388ECF021}.Release|x64.Build.0 = Release|x64
		{5EB48F5E-1568-4A81-8BDC-DAD388ECF021}.Release|x86.ActiveCfg = Release|Win32
		{5EB48F5E-1568-4A81-8BDC-DAD388ECF021}.Release|x86.Build.0 = Release|Win32
		{B9280C60-FD0F-48BC-9322-0BFC7569FF8D}.Debug|x64.ActiveCfg = Debug|x64
		{B9280C60-FD0F-48BC-9322-0BFC7569FF8D}.Debug|x64.Build.0 = Debug|x64
		{B9280C60-FD0F-48BC-9322-0BFC7569FF8D}.Debug|x86.ActiveCfg = Debug|Win32
		{B9280C60-FD0F-48BC-9322-0BFC7569FF8D}.Debug|x86.Build.0 = Debug|Win32
		{B9280C60-FD0F-48BC-9322-0BFC7569FF8D}.Release|x64.ActiveCfg = Release|x64
		{B9280C60-FD0F-48BC-9322-0BFC7569FF8D}.Release|x64.Build.0 = Release|x64
		{B9280C60-FD0F-48BC-9322-0BFC7569FF8D}.Release|x86.ActiveCfg = Release|Win32
		{B9280C60-FD0F-48BC-9322-0BFC7569FF8D}.Release|x86.Build.0 = Release|Win32
	EndGlobalSection
	GlobalSection(SolutionProperties) = preSolution
		HideSolutionNode = FALSE
	EndGlobalSection
	GlobalSection(ExtensibilityGlobals) = postSolution
		SolutionGuid = {90ECB280-D04B-4A24-8777-9B17016397F9}
	EndGlobalSection
EndGlobal
